
Microsoft Visual Studio Solution File, Format Version 12.00
# Visual Studio Version 17
VisualStudioVersion = 17.7.34221.43
MinimumVisualStudioVersion = 10.0.40219.1
Project("{9A19103F-16F7-4668-BE54-9A1E7A4F7556}") = "BookWeb", "BookWeb\BookWeb.csproj", "{0565300F-1588-42B0-922F-C9ED15BD85F2}"
EndProject
Project("{9A19103F-16F7-4668-BE54-9A1E7A4F7556}") = "BookWeb.DataAccess", "BookWeb.DataAccess\BookWeb.DataAccess.csproj", "{73A3C4F3-3183-4696-9100-6598CBFC75B9}"
EndProject
Project("{9A19103F-16F7-4668-BE54-9A1E7A4F7556}") = "BookWeb.Models", "BookWeb.Models\BookWeb.Models.csproj", "{745FEEF4-6AB5-4423-AEF4-1D1D0DD2AA10}"
EndProject
Project("{FAE04EC0-301F-11D3-BF4B-00C04F79EFBC}") = "BookWeb.Utility", "BookWeb.Utility\BookWeb.Utility.csproj", "{1B8C2627-943D-4207-B893-DE0F296C3E08}"
EndProject
Global
	GlobalSection(SolutionConfigurationPlatforms) = preSolution
		Debug|Any CPU = Debug|Any CPU
		Release|Any CPU = Release|Any CPU
	EndGlobalSection
	GlobalSection(ProjectConfigurationPlatforms) = postSolution
		{0565300F-1588-42B0-922F-C9ED15BD85F2}.Debug|Any CPU.ActiveCfg = Debug|Any CPU
		{0565300F-1588-42B0-922F-C9ED15BD85F2}.Debug|Any CPU.Build.0 = Debug|Any CPU
		{0565300F-1588-42B0-922F-C9ED15BD85F2}.Release|Any CPU.ActiveCfg = Release|Any CPU
		{0565300F-1588-42B0-922F-C9ED15BD85F2}.Release|Any CPU.Build.0 = Release|Any CPU
		{73A3C4F3-3183-4696-9100-6598CBFC75B9}.Debug|Any CPU.ActiveCfg = Debug|Any CPU
		{73A3C4F3-3183-4696-9100-6598CBFC75B9}.Debug|Any CPU.Build.0 = Debug|Any CPU
		{73A3C4F3-3183-4696-9100-6598CBFC75B9}.Release|Any CPU.ActiveCfg = Release|Any CPU
		{73A3C4F3-3183-4696-9100-6598CBFC75B9}.Release|Any CPU.Build.0 = Release|Any CPU
		{745FEEF4-6AB5-4423-AEF4-1D1D0DD2AA10}.Debug|Any CPU.ActiveCfg = Debug|Any CPU
		{745FEEF4-6AB5-4423-AEF4-1D1D0DD2AA10}.Debug|Any CPU.Build.0 = Debug|Any CPU
		{745FEEF4-6AB5-4423-AEF4-1D1D0DD2AA10}.Release|Any CPU.ActiveCfg = Release|Any CPU
		{745FEEF4-6AB5-4423-AEF4-1D1D0DD2AA10}.Release|Any CPU.Build.0 = Release|Any CPU
		{1B8C2627-943D-4207-B893-DE0F296C3E08}.Debug|Any CPU.ActiveCfg = Debug|Any CPU
		{1B8C2627-943D-4207-B893-DE0F296C3E08}.Debug|Any CPU.Build.0 = Debug|Any CPU
		{1B8C2627-943D-4207-B893-DE0F296C3E08}.Release|Any CPU.ActiveCfg = Release|Any CPU
		{1B8C2627-943D-4207-B893-DE0F296C3E08}.Release|Any CPU.Build.0 = Release|Any CPU
	EndGlobalSection
	GlobalSection(SolutionProperties) = preSolution
		HideSolutionNode = FALSE
	EndGlobalSection
	GlobalSection(ExtensibilityGlobals) = postSolution
		SolutionGuid = {C81F0174-72B9-4938-BD1B-FC5A13768B27}
	EndGlobalSection
EndGlobal
